
Microsoft Visual Studio Solution File, Format Version 12.00
Project("{FAE04EC0-301F-11D3-BF4B-00C04F79EFBC}") = "GrpcClient", "GrpcClient\GrpcClient.csproj", "{58C96538-400B-4F8B-8955-18C71B798DE2}"
EndProject
Global
	GlobalSection(SolutionConfigurationPlatforms) = preSolution
		Debug|Any CPU = Debug|Any CPU
		Release|Any CPU = Release|Any CPU
	EndGlobalSection
	GlobalSection(ProjectConfigurationPlatforms) = postSolution
		{58C96538-400B-4F8B-8955-18C71B798DE2}.Debug|Any CPU.ActiveCfg = Debug|Any CPU
		{58C96538-400B-4F8B-8955-18C71B798DE2}.Debug|Any CPU.Build.0 = Debug|Any CPU
		{58C96538-400B-4F8B-8955-18C71B798DE2}.Release|Any CPU.ActiveCfg = Release|Any CPU
		{58C96538-400B-4F8B-8955-18C71B798DE2}.Release|Any CPU.Build.0 = Release|Any CPU
	EndGlobalSection
EndGlobal
